
Microsoft Visual Studio Solution File, Format Version 12.00
# Visual Studio 15
VisualStudioVersion = 15.0.27703.2018
MinimumVisualStudioVersion = 10.0.40219.1
Project("{FAE04EC0-301F-11D3-BF4B-00C04F79EFBC}") = "WebApplicationVakti_Im", "WebApplicationVakti_Im\WebApplicationVakti_Im.csproj", "{2B3234FB-9A42-4534-BACE-BB4AB555F90D}"
EndProject
Project("{00D1A9C2-B5F0-4AF3-8072-F6C62B433612}") = "Database3V", "..\Database3V\Database3V.sqlproj", "{44C67EB3-607D-4852-9A52-72A6E95F454D}"
EndProject
Global
	GlobalSection(SolutionConfigurationPlatforms) = preSolution
		Debug|Any CPU = Debug|Any CPU
		Release|Any CPU = Release|Any CPU
	EndGlobalSection
	GlobalSection(ProjectConfigurationPlatforms) = postSolution
		{2B3234FB-9A42-4534-BACE-BB4AB555F90D}.Debug|Any CPU.ActiveCfg = Debug|Any CPU
		{2B3234FB-9A42-4534-BACE-BB4AB555F90D}.Debug|Any CPU.Build.0 = Debug|Any CPU
		{2B3234FB-9A42-4534-BACE-BB4AB555F90D}.Release|Any CPU.ActiveCfg = Release|Any CPU
		{2B3234FB-9A42-4534-BACE-BB4AB555F90D}.Release|Any CPU.Build.0 = Release|Any CPU
		{44C67EB3-607D-4852-9A52-72A6E95F454D}.Debug|Any CPU.ActiveCfg = Debug|Any CPU
		{44C67EB3-607D-4852-9A52-72A6E95F454D}.Debug|Any CPU.Build.0 = Debug|Any CPU
		{44C67EB3-607D-4852-9A52-72A6E95F454D}.Debug|Any CPU.Deploy.0 = Debug|Any CPU
		{44C67EB3-607D-4852-9A52-72A6E95F454D}.Release|Any CPU.ActiveCfg = Release|Any CPU
		{44C67EB3-607D-4852-9A52-72A6E95F454D}.Release|Any CPU.Build.0 = Release|Any CPU
		{44C67EB3-607D-4852-9A52-72A6E95F454D}.Release|Any CPU.Deploy.0 = Release|Any CPU
	EndGlobalSection
	GlobalSection(SolutionProperties) = preSolution
		HideSolutionNode = FALSE
	EndGlobalSection
	GlobalSection(ExtensibilityGlobals) = postSolution
		SolutionGuid = {65EE4C3F-13CC-47FF-A5F7-2051191AB9D7}
	EndGlobalSection
EndGlobal
